
Microsoft Visual Studio Solution File, Format Version 12.00
# Visual Studio Version 16
VisualStudioVersion = 16.0.32228.343
MinimumVisualStudioVersion = 10.0.40219.1
Project("{FAE04EC0-301F-11D3-BF4B-00C04F79EFBC}") = "CarsDotNetCore.UI", "CarsDotNetCore.UI\CarsDotNetCore.UI.csproj", "{02F9C75D-361B-49B3-91CA-4AE51214F30B}"
EndProject
Project("{FAE04EC0-301F-11D3-BF4B-00C04F79EFBC}") = "CarsDotNetCore.API", "CarsDotNetCore.API\CarsDotNetCore.API.csproj", "{1101259D-C4E4-4A0F-A587-96EC161D5433}"
EndProject
Project("{FAE04EC0-301F-11D3-BF4B-00C04F79EFBC}") = "CarsDotNetCore.BAL", "CarsDotNetCore.BAL\CarsDotNetCore.BAL.csproj", "{483BE94A-C857-4DE8-9F54-FEB2BB3AFABE}"
EndProject
Project("{FAE04EC0-301F-11D3-BF4B-00C04F79EFBC}") = "CarsDotNetCore.DAL", "CarsDotNetCore.DAL\CarsDotNetCore.DAL.csproj", "{79AEC182-8F47-4AA5-88C0-4F6A182B6734}"
EndProject
Project("{FAE04EC0-301F-11D3-BF4B-00C04F79EFBC}") = "CarsDotNetCore.Entity", "CarsDotNetCore.Entity\CarsDotNetCore.Entity.csproj", "{4211566B-14DD-4476-8A11-F8AB29EA1FF4}"
EndProject
Global
	GlobalSection(SolutionConfigurationPlatforms) = preSolution
		Debug|Any CPU = Debug|Any CPU
		Release|Any CPU = Release|Any CPU
	EndGlobalSection
	GlobalSection(ProjectConfigurationPlatforms) = postSolution
		{02F9C75D-361B-49B3-91CA-4AE51214F30B}.Debug|Any CPU.ActiveCfg = Debug|Any CPU
		{02F9C75D-361B-49B3-91CA-4AE51214F30B}.Debug|Any CPU.Build.0 = Debug|Any CPU
		{02F9C75D-361B-49B3-91CA-4AE51214F30B}.Release|Any CPU.ActiveCfg = Release|Any CPU
		{02F9C75D-361B-49B3-91CA-4AE51214F30B}.Release|Any CPU.Build.0 = Release|Any CPU
		{1101259D-C4E4-4A0F-A587-96EC161D5433}.Debug|Any CPU.ActiveCfg = Debug|Any CPU
		{1101259D-C4E4-4A0F-A587-96EC161D5433}.Debug|Any CPU.Build.0 = Debug|Any CPU
		{1101259D-C4E4-4A0F-A587-96EC161D5433}.Release|Any CPU.ActiveCfg = Release|Any CPU
		{1101259D-C4E4-4A0F-A587-96EC161D5433}.Release|Any CPU.Build.0 = Release|Any CPU
		{483BE94A-C857-4DE8-9F54-FEB2BB3AFABE}.Debug|Any CPU.ActiveCfg = Debug|Any CPU
		{483BE94A-C857-4DE8-9F54-FEB2BB3AFABE}.Debug|Any CPU.Build.0 = Debug|Any CPU
		{483BE94A-C857-4DE8-9F54-FEB2BB3AFABE}.Release|Any CPU.ActiveCfg = Release|Any CPU
		{483BE94A-C857-4DE8-9F54-FEB2BB3AFABE}.Release|Any CPU.Build.0 = Release|Any CPU
		{79AEC182-8F47-4AA5-88C0-4F6A182B6734}.Debug|Any CPU.ActiveCfg = Debug|Any CPU
		{79AEC182-8F47-4AA5-88C0-4F6A182B6734}.Debug|Any CPU.Build.0 = Debug|Any CPU
		{79AEC182-8F47-4AA5-88C0-4F6A182B6734}.Release|Any CPU.ActiveCfg = Release|Any CPU
		{79AEC182-8F47-4AA5-88C0-4F6A182B6734}.Release|Any CPU.Build.0 = Release|Any CPU
		{4211566B-14DD-4476-8A11-F8AB29EA1FF4}.Debug|Any CPU.ActiveCfg = Debug|Any CPU
		{4211566B-14DD-4476-8A11-F8AB29EA1FF4}.Debug|Any CPU.Build.0 = Debug|Any CPU
		{4211566B-14DD-4476-8A11-F8AB29EA1FF4}.Release|Any CPU.ActiveCfg = Release|Any CPU
		{4211566B-14DD-4476-8A11-F8AB29EA1FF4}.Release|Any CPU.Build.0 = Release|Any CPU
	EndGlobalSection
	GlobalSection(SolutionProperties) = preSolution
		HideSolutionNode = FALSE
	EndGlobalSection
	GlobalSection(ExtensibilityGlobals) = postSolution
		SolutionGuid = {6CE474DA-ADDC-4968-9A74-25A5C00E3784}
	EndGlobalSection
EndGlobal
